// !$*UTF8*$!
{
	archiveVersion = 1;
	classes = {
	};
	objectVersion = 50;
	objects = {

/* Begin PBXBuildFile section */
		180C1D5521833DD500FACD97 /* EditTodoItemViewController.swift in Sources */ = {isa = PBXBuildFile; fileRef = 180C1D5321833DD500FACD97 /* EditTodoItemViewController.swift */; };
		180C1D5621833DD500FACD97 /* EditTodoItemViewController.xib in Resources */ = {isa = PBXBuildFile; fileRef = 180C1D5421833DD500FACD97 /* EditTodoItemViewController.xib */; };
		180C2A2E2184CC2B00FACD97 /* CheckmarkView.xib in Resources */ = {isa = PBXBuildFile; fileRef = 180C2A2D2184CC2B00FACD97 /* CheckmarkView.xib */; };
		180C2A302184CC7D00FACD97 /* CheckmarkView.swift in Sources */ = {isa = PBXBuildFile; fileRef = 180C2A2F2184CC7D00FACD97 /* CheckmarkView.swift */; };
		180FA9CB2185691600D24037 /* HTTPMethod.swift in Sources */ = {isa = PBXBuildFile; fileRef = 180FA9CA2185691600D24037 /* HTTPMethod.swift */; };
		180FA9CD218569C200D24037 /* TodoAppApiRequest.swift in Sources */ = {isa = PBXBuildFile; fileRef = 180FA9CC218569C200D24037 /* TodoAppApiRequest.swift */; };
		180FA9D121857A3600D24037 /* TodoAppApiError.swift in Sources */ = {isa = PBXBuildFile; fileRef = 180FA9D021857A3600D24037 /* TodoAppApiError.swift */; };
		180FA9D321857A9C00D24037 /* TodoAppApiClientError.swift in Sources */ = {isa = PBXBuildFile; fileRef = 180FA9D221857A9C00D24037 /* TodoAppApiClientError.swift */; };
		180FA9D621857B3600D24037 /* Result.swift in Sources */ = {isa = PBXBuildFile; fileRef = 180FA9D521857B3600D24037 /* Result.swift */; };
		180FA9D821857B6600D24037 /* TodoAppApiClient.swift in Sources */ = {isa = PBXBuildFile; fileRef = 180FA9D721857B6600D24037 /* TodoAppApiClient.swift */; };
		180FA9DA21857D6E00D24037 /* TodoAppApi.swift in Sources */ = {isa = PBXBuildFile; fileRef = 180FA9D921857D6E00D24037 /* TodoAppApi.swift */; };
		180FAC012185919000D24037 /* EmptyData.swift in Sources */ = {isa = PBXBuildFile; fileRef = 180FAC002185919000D24037 /* EmptyData.swift */; };
		180FAC032185A2FB00D24037 /* UIAlertControllerExtensions.swift in Sources */ = {isa = PBXBuildFile; fileRef = 180FAC022185A2FB00D24037 /* UIAlertControllerExtensions.swift */; };
		181ABB5E2181E74B0048001C /* TodoItem.swift in Sources */ = {isa = PBXBuildFile; fileRef = 181ABB5D2181E74B0048001C /* TodoItem.swift */; };
		188731DC2180A9CA00E97955 /* AppDelegate.swift in Sources */ = {isa = PBXBuildFile; fileRef = 188731DB2180A9CA00E97955 /* AppDelegate.swift */; };
		188731E32180A9CB00E97955 /* Assets.xcassets in Resources */ = {isa = PBXBuildFile; fileRef = 188731E22180A9CB00E97955 /* Assets.xcassets */; };
		188731E62180A9CB00E97955 /* LaunchScreen.storyboard in Resources */ = {isa = PBXBuildFile; fileRef = 188731E42180A9CB00E97955 /* LaunchScreen.storyboard */; };
		188731F12180A9CC00E97955 /* TodoAppTests.swift in Sources */ = {isa = PBXBuildFile; fileRef = 188731F02180A9CC00E97955 /* TodoAppTests.swift */; };
		188731FC2180A9CC00E97955 /* TodoAppUITests.swift in Sources */ = {isa = PBXBuildFile; fileRef = 188731FB2180A9CC00E97955 /* TodoAppUITests.swift */; };
		1887320C2180AC5C00E97955 /* README.md in Resources */ = {isa = PBXBuildFile; fileRef = 1887320B2180AC5C00E97955 /* README.md */; };
		188732102180ACA900E97955 /* TodoItemListViewController.swift in Sources */ = {isa = PBXBuildFile; fileRef = 1887320E2180ACA900E97955 /* TodoItemListViewController.swift */; };
		188732112180ACA900E97955 /* TodoItemListViewController.xib in Resources */ = {isa = PBXBuildFile; fileRef = 1887320F2180ACA900E97955 /* TodoItemListViewController.xib */; };
		188732142180AFA200E97955 /* TodoItemTableViewCell.swift in Sources */ = {isa = PBXBuildFile; fileRef = 188732122180AFA200E97955 /* TodoItemTableViewCell.swift */; };
		188732152180AFA200E97955 /* TodoItemTableViewCell.xib in Resources */ = {isa = PBXBuildFile; fileRef = 188732132180AFA200E97955 /* TodoItemTableViewCell.xib */; };
		188732182180B16800E97955 /* UITableViewExtensions.swift in Sources */ = {isa = PBXBuildFile; fileRef = 188732172180B16800E97955 /* UITableViewExtensions.swift */; };
		1887321A2180B19D00E97955 /* NSObjectExtensions.swift in Sources */ = {isa = PBXBuildFile; fileRef = 188732192180B19D00E97955 /* NSObjectExtensions.swift */; };
		1887321E2180B47500E97955 /* AddTodoItemViewController.swift in Sources */ = {isa = PBXBuildFile; fileRef = 1887321C2180B47500E97955 /* AddTodoItemViewController.swift */; };
		1887321F2180B47500E97955 /* AddTodoItemViewController.xib in Resources */ = {isa = PBXBuildFile; fileRef = 1887321D2180B47500E97955 /* AddTodoItemViewController.xib */; };
/* End PBXBuildFile section */

/* Begin PBXContainerItemProxy section */
		188731ED2180A9CC00E97955 /* PBXContainerItemProxy */ = {
			isa = PBXContainerItemProxy;
			containerPortal = 188731D02180A9CA00E97955 /* Project object */;
			proxyType = 1;
			remoteGlobalIDString = 188731D72180A9CA00E97955;
			remoteInfo = TodoApp;
		};
		188731F82180A9CC00E97955 /* PBXContainerItemProxy */ = {
			isa = PBXContainerItemProxy;
			containerPortal = 188731D02180A9CA00E97955 /* Project object */;
			proxyType = 1;
			remoteGlobalIDString = 188731D72180A9CA00E97955;
			remoteInfo = TodoApp;
		};
/* End PBXContainerItemProxy section */

/* Begin PBXFileReference section */
		180C1D5321833DD500FACD97 /* EditTodoItemViewController.swift */ = {isa = PBXFileReference; lastKnownFileType = sourcecode.swift; path = EditTodoItemViewController.swift; sourceTree = "<group>"; };
		180C1D5421833DD500FACD97 /* EditTodoItemViewController.xib */ = {isa = PBXFileReference; lastKnownFileType = file.xib; path = EditTodoItemViewController.xib; sourceTree = "<group>"; };
		180C2A2D2184CC2B00FACD97 /* CheckmarkView.xib */ = {isa = PBXFileReference; lastKnownFileType = file.xib; path = CheckmarkView.xib; sourceTree = "<group>"; };
		180C2A2F2184CC7D00FACD97 /* CheckmarkView.swift */ = {isa = PBXFileReference; lastKnownFileType = sourcecode.swift; path = CheckmarkView.swift; sourceTree = "<group>"; };
		180FA9CA2185691600D24037 /* HTTPMethod.swift */ = {isa = PBXFileReference; lastKnownFileType = sourcecode.swift; path = HTTPMethod.swift; sourceTree = "<group>"; };
		180FA9CC218569C200D24037 /* TodoAppApiRequest.swift */ = {isa = PBXFileReference; lastKnownFileType = sourcecode.swift; path = TodoAppApiRequest.swift; sourceTree = "<group>"; };
		180FA9D021857A3600D24037 /* TodoAppApiError.swift */ = {isa = PBXFileReference; lastKnownFileType = sourcecode.swift; path = TodoAppApiError.swift; sourceTree = "<group>"; };
		180FA9D221857A9C00D24037 /* TodoAppApiClientError.swift */ = {isa = PBXFileReference; lastKnownFileType = sourcecode.swift; path = TodoAppApiClientError.swift; sourceTree = "<group>"; };
		180FA9D521857B3600D24037 /* Result.swift */ = {isa = PBXFileReference; lastKnownFileType = sourcecode.swift; path = Result.swift; sourceTree = "<group>"; };
		180FA9D721857B6600D24037 /* TodoAppApiClient.swift */ = {isa = PBXFileReference; lastKnownFileType = sourcecode.swift; path = TodoAppApiClient.swift; sourceTree = "<group>"; };
		180FA9D921857D6E00D24037 /* TodoAppApi.swift */ = {isa = PBXFileReference; lastKnownFileType = sourcecode.swift; path = TodoAppApi.swift; sourceTree = "<group>"; };
		180FAC002185919000D24037 /* EmptyData.swift */ = {isa = PBXFileReference; lastKnownFileType = sourcecode.swift; path = EmptyData.swift; sourceTree = "<group>"; };
		180FAC022185A2FB00D24037 /* UIAlertControllerExtensions.swift */ = {isa = PBXFileReference; lastKnownFileType = sourcecode.swift; path = UIAlertControllerExtensions.swift; sourceTree = "<group>"; };
		181ABB5D2181E74B0048001C /* TodoItem.swift */ = {isa = PBXFileReference; lastKnownFileType = sourcecode.swift; path = TodoItem.swift; sourceTree = "<group>"; };
		188731D82180A9CA00E97955 /* TodoApp.app */ = {isa = PBXFileReference; explicitFileType = wrapper.application; includeInIndex = 0; path = TodoApp.app; sourceTree = BUILT_PRODUCTS_DIR; };
		188731DB2180A9CA00E97955 /* AppDelegate.swift */ = {isa = PBXFileReference; lastKnownFileType = sourcecode.swift; path = AppDelegate.swift; sourceTree = "<group>"; };
		188731E22180A9CB00E97955 /* Assets.xcassets */ = {isa = PBXFileReference; lastKnownFileType = folder.assetcatalog; path = Assets.xcassets; sourceTree = "<group>"; };
		188731E52180A9CB00E97955 /* Base */ = {isa = PBXFileReference; lastKnownFileType = file.storyboard; name = Base; path = Base.lproj/LaunchScreen.storyboard; sourceTree = "<group>"; };
		188731E72180A9CB00E97955 /* Info.plist */ = {isa = PBXFileReference; lastKnownFileType = text.plist.xml; path = Info.plist; sourceTree = "<group>"; };
		188731EC2180A9CC00E97955 /* TodoAppTests.xctest */ = {isa = PBXFileReference; explicitFileType = wrapper.cfbundle; includeInIndex = 0; path = TodoAppTests.xctest; sourceTree = BUILT_PRODUCTS_DIR; };
		188731F02180A9CC00E97955 /* TodoAppTests.swift */ = {isa = PBXFileReference; lastKnownFileType = sourcecode.swift; path = TodoAppTests.swift; sourceTree = "<group>"; };
		188731F22180A9CC00E97955 /* Info.plist */ = {isa = PBXFileReference; lastKnownFileType = text.plist.xml; path = Info.plist; sourceTree = "<group>"; };
		188731F72180A9CC00E97955 /* TodoAppUITests.xctest */ = {isa = PBXFileReference; explicitFileType = wrapper.cfbundle; includeInIndex = 0; path = TodoAppUITests.xctest; sourceTree = BUILT_PRODUCTS_DIR; };
		188731FB2180A9CC00E97955 /* TodoAppUITests.swift */ = {isa = PBXFileReference; lastKnownFileType = sourcecode.swift; path = TodoAppUITests.swift; sourceTree = "<group>"; };
		188731FD2180A9CC00E97955 /* Info.plist */ = {isa = PBXFileReference; lastKnownFileType = text.plist.xml; path = Info.plist; sourceTree = "<group>"; };
		1887320B2180AC5C00E97955 /* README.md */ = {isa = PBXFileReference; fileEncoding = 4; lastKnownFileType = net.daringfireball.markdown; path = README.md; sourceTree = SOURCE_ROOT; };
		1887320E2180ACA900E97955 /* TodoItemListViewController.swift */ = {isa = PBXFileReference; lastKnownFileType = sourcecode.swift; path = TodoItemListViewController.swift; sourceTree = "<group>"; };
		1887320F2180ACA900E97955 /* TodoItemListViewController.xib */ = {isa = PBXFileReference; lastKnownFileType = file.xib; path = TodoItemListViewController.xib; sourceTree = "<group>"; };
		188732122180AFA200E97955 /* TodoItemTableViewCell.swift */ = {isa = PBXFileReference; lastKnownFileType = sourcecode.swift; path = TodoItemTableViewCell.swift; sourceTree = "<group>"; };
		188732132180AFA200E97955 /* TodoItemTableViewCell.xib */ = {isa = PBXFileReference; lastKnownFileType = file.xib; path = TodoItemTableViewCell.xib; sourceTree = "<group>"; };
		188732172180B16800E97955 /* UITableViewExtensions.swift */ = {isa = PBXFileReference; lastKnownFileType = sourcecode.swift; path = UITableViewExtensions.swift; sourceTree = "<group>"; };
		188732192180B19D00E97955 /* NSObjectExtensions.swift */ = {isa = PBXFileReference; lastKnownFileType = sourcecode.swift; path = NSObjectExtensions.swift; sourceTree = "<group>"; };
		1887321C2180B47500E97955 /* AddTodoItemViewController.swift */ = {isa = PBXFileReference; lastKnownFileType = sourcecode.swift; path = AddTodoItemViewController.swift; sourceTree = "<group>"; };
		1887321D2180B47500E97955 /* AddTodoItemViewController.xib */ = {isa = PBXFileReference; lastKnownFileType = file.xib; path = AddTodoItemViewController.xib; sourceTree = "<group>"; };
/* End PBXFileReference section */

/* Begin PBXFrameworksBuildPhase section */
		188731D52180A9CA00E97955 /* Frameworks */ = {
			isa = PBXFrameworksBuildPhase;
			buildActionMask = 2147483647;
			files = (
			);
			runOnlyForDeploymentPostprocessing = 0;
		};
		188731E92180A9CC00E97955 /* Frameworks */ = {
			isa = PBXFrameworksBuildPhase;
			buildActionMask = 2147483647;
			files = (
			);
			runOnlyForDeploymentPostprocessing = 0;
		};
		188731F42180A9CC00E97955 /* Frameworks */ = {
			isa = PBXFrameworksBuildPhase;
			buildActionMask = 2147483647;
			files = (
			);
			runOnlyForDeploymentPostprocessing = 0;
		};
/* End PBXFrameworksBuildPhase section */

/* Begin PBXGroup section */
		180C1D5221833DB500FACD97 /* EditTodoItem */ = {
			isa = PBXGroup;
			children = (
				180C1D5421833DD500FACD97 /* EditTodoItemViewController.xib */,
				180C1D5321833DD500FACD97 /* EditTodoItemViewController.swift */,
			);
			path = EditTodoItem;
			sourceTree = "<group>";
		};
		180C2A312184CFB800FACD97 /* TableViewCell */ = {
			isa = PBXGroup;
			children = (
				188732132180AFA200E97955 /* TodoItemTableViewCell.xib */,
				188732122180AFA200E97955 /* TodoItemTableViewCell.swift */,
				180C2A2D2184CC2B00FACD97 /* CheckmarkView.xib */,
				180C2A2F2184CC7D00FACD97 /* CheckmarkView.swift */,
			);
			path = TableViewCell;
			sourceTree = "<group>";
		};
		180FA9C9218568E300D24037 /* TodoAppApi */ = {
			isa = PBXGroup;
			children = (
				180FA9D521857B3600D24037 /* Result.swift */,
				180FA9D721857B6600D24037 /* TodoAppApiClient.swift */,
				180FA9D921857D6E00D24037 /* TodoAppApi.swift */,
				180FA9CE21856BC400D24037 /* Request */,
				180FA9D421857AED00D24037 /* Response */,
				180FA9CF21857A1D00D24037 /* Error */,
			);
			path = TodoAppApi;
			sourceTree = "<group>";
		};
		180FA9CE21856BC400D24037 /* Request */ = {
			isa = PBXGroup;
			children = (
				180FA9CA2185691600D24037 /* HTTPMethod.swift */,
				180FA9CC218569C200D24037 /* TodoAppApiRequest.swift */,
			);
			path = Request;
			sourceTree = "<group>";
		};
		180FA9CF21857A1D00D24037 /* Error */ = {
			isa = PBXGroup;
			children = (
				180FA9D221857A9C00D24037 /* TodoAppApiClientError.swift */,
				180FA9D021857A3600D24037 /* TodoAppApiError.swift */,
			);
			path = Error;
			sourceTree = "<group>";
		};
		180FA9D421857AED00D24037 /* Response */ = {
			isa = PBXGroup;
			children = (
				181ABB5D2181E74B0048001C /* TodoItem.swift */,
				180FAC002185919000D24037 /* EmptyData.swift */,
			);
			path = Response;
			sourceTree = "<group>";
		};
		181ABB5C2181E71C0048001C /* Model */ = {
			isa = PBXGroup;
			children = (
				180FA9C9218568E300D24037 /* TodoAppApi */,
			);
			path = Model;
			sourceTree = "<group>";
		};
		188731CF2180A9CA00E97955 = {
			isa = PBXGroup;
			children = (
				188731DA2180A9CA00E97955 /* TodoApp */,
				188731EF2180A9CC00E97955 /* TodoAppTests */,
				188731FA2180A9CC00E97955 /* TodoAppUITests */,
				188731D92180A9CA00E97955 /* Products */,
			);
			sourceTree = "<group>";
		};
		188731D92180A9CA00E97955 /* Products */ = {
			isa = PBXGroup;
			children = (
				188731D82180A9CA00E97955 /* TodoApp.app */,
				188731EC2180A9CC00E97955 /* TodoAppTests.xctest */,
				188731F72180A9CC00E97955 /* TodoAppUITests.xctest */,
			);
			name = Products;
			sourceTree = "<group>";
		};
		188731DA2180A9CA00E97955 /* TodoApp */ = {
			isa = PBXGroup;
			children = (
				1887320B2180AC5C00E97955 /* README.md */,
				188731E72180A9CB00E97955 /* Info.plist */,
				188732092180AC1D00E97955 /* Application */,
				1887320A2180AC4A00E97955 /* Controller */,
				181ABB5C2181E71C0048001C /* Model */,
				188732162180B05600E97955 /* Extension */,
				188731E22180A9CB00E97955 /* Assets.xcassets */,
			);
			path = TodoApp;
			sourceTree = "<group>";
		};
		188731EF2180A9CC00E97955 /* TodoAppTests */ = {
			isa = PBXGroup;
			children = (
				188731F02180A9CC00E97955 /* TodoAppTests.swift */,
				188731F22180A9CC00E97955 /* Info.plist */,
			);
			path = TodoAppTests;
			sourceTree = "<group>";
		};
		188731FA2180A9CC00E97955 /* TodoAppUITests */ = {
			isa = PBXGroup;
			children = (
				188731FB2180A9CC00E97955 /* TodoAppUITests.swift */,
				188731FD2180A9CC00E97955 /* Info.plist */,
			);
			path = TodoAppUITests;
			sourceTree = "<group>";
		};
		188732092180AC1D00E97955 /* Application */ = {
			isa = PBXGroup;
			children = (
				188731E42180A9CB00E97955 /* LaunchScreen.storyboard */,
				188731DB2180A9CA00E97955 /* AppDelegate.swift */,
			);
			path = Application;
			sourceTree = "<group>";
		};
		1887320A2180AC4A00E97955 /* Controller */ = {
			isa = PBXGroup;
			children = (
				1887320D2180AC6700E97955 /* TodoItemList */,
				1887321B2180B43E00E97955 /* AddTodoItem */,
				180C1D5221833DB500FACD97 /* EditTodoItem */,
			);
			path = Controller;
			sourceTree = "<group>";
		};
		1887320D2180AC6700E97955 /* TodoItemList */ = {
			isa = PBXGroup;
			children = (
				1887320F2180ACA900E97955 /* TodoItemListViewController.xib */,
				1887320E2180ACA900E97955 /* TodoItemListViewController.swift */,
				180C2A312184CFB800FACD97 /* TableViewCell */,
			);
			path = TodoItemList;
			sourceTree = "<group>";
		};
		188732162180B05600E97955 /* Extension */ = {
			isa = PBXGroup;
			children = (
				188732192180B19D00E97955 /* NSObjectExtensions.swift */,
				188732172180B16800E97955 /* UITableViewExtensions.swift */,
				180FAC022185A2FB00D24037 /* UIAlertControllerExtensions.swift */,
			);
			path = Extension;
			sourceTree = "<group>";
		};
		1887321B2180B43E00E97955 /* AddTodoItem */ = {
			isa = PBXGroup;
			children = (
				1887321D2180B47500E97955 /* AddTodoItemViewController.xib */,
				1887321C2180B47500E97955 /* AddTodoItemViewController.swift */,
			);
			path = AddTodoItem;
			sourceTree = "<group>";
		};
/* End PBXGroup section */

/* Begin PBXNativeTarget section */
		188731D72180A9CA00E97955 /* TodoApp */ = {
			isa = PBXNativeTarget;
			buildConfigurationList = 188732002180A9CC00E97955 /* Build configuration list for PBXNativeTarget "TodoApp" */;
			buildPhases = (
				188731D42180A9CA00E97955 /* Sources */,
				188731D52180A9CA00E97955 /* Frameworks */,
				188731D62180A9CA00E97955 /* Resources */,
			);
			buildRules = (
			);
			dependencies = (
			);
			name = TodoApp;
			productName = TodoApp;
			productReference = 188731D82180A9CA00E97955 /* TodoApp.app */;
			productType = "com.apple.product-type.application";
		};
		188731EB2180A9CC00E97955 /* TodoAppTests */ = {
			isa = PBXNativeTarget;
			buildConfigurationList = 188732032180A9CC00E97955 /* Build configuration list for PBXNativeTarget "TodoAppTests" */;
			buildPhases = (
				188731E82180A9CC00E97955 /* Sources */,
				188731E92180A9CC00E97955 /* Frameworks */,
				188731EA2180A9CC00E97955 /* Resources */,
			);
			buildRules = (
			);
			dependencies = (
				188731EE2180A9CC00E97955 /* PBXTargetDependency */,
			);
			name = TodoAppTests;
			productName = TodoAppTests;
			productReference = 188731EC2180A9CC00E97955 /* TodoAppTests.xctest */;
			productType = "com.apple.product-type.bundle.unit-test";
		};
		188731F62180A9CC00E97955 /* TodoAppUITests */ = {
			isa = PBXNativeTarget;
			buildConfigurationList = 188732062180A9CC00E97955 /* Build configuration list for PBXNativeTarget "TodoAppUITests" */;
			buildPhases = (
				188731F32180A9CC00E97955 /* Sources */,
				188731F42180A9CC00E97955 /* Frameworks */,
				188731F52180A9CC00E97955 /* Resources */,
			);
			buildRules = (
			);
			dependencies = (
				188731F92180A9CC00E97955 /* PBXTargetDependency */,
			);
			name = TodoAppUITests;
			productName = TodoAppUITests;
			productReference = 188731F72180A9CC00E97955 /* TodoAppUITests.xctest */;
			productType = "com.apple.product-type.bundle.ui-testing";
		};
/* End PBXNativeTarget section */

/* Begin PBXProject section */
		188731D02180A9CA00E97955 /* Project object */ = {
			isa = PBXProject;
			attributes = {
				LastSwiftUpdateCheck = 1000;
				LastUpgradeCheck = 1000;
				ORGANIZATIONNAME = "Shintaro Takemura";
				TargetAttributes = {
					188731D72180A9CA00E97955 = {
						CreatedOnToolsVersion = 10.0;
					};
					188731EB2180A9CC00E97955 = {
						CreatedOnToolsVersion = 10.0;
						TestTargetID = 188731D72180A9CA00E97955;
					};
					188731F62180A9CC00E97955 = {
						CreatedOnToolsVersion = 10.0;
						TestTargetID = 188731D72180A9CA00E97955;
					};
				};
			};
			buildConfigurationList = 188731D32180A9CA00E97955 /* Build configuration list for PBXProject "TodoApp" */;
			compatibilityVersion = "Xcode 9.3";
			developmentRegion = en;
			hasScannedForEncodings = 0;
			knownRegions = (
				en,
				Base,
			);
			mainGroup = 188731CF2180A9CA00E97955;
			productRefGroup = 188731D92180A9CA00E97955 /* Products */;
			projectDirPath = "";
			projectRoot = "";
			targets = (
				188731D72180A9CA00E97955 /* TodoApp */,
				188731EB2180A9CC00E97955 /* TodoAppTests */,
				188731F62180A9CC00E97955 /* TodoAppUITests */,
			);
		};
/* End PBXProject section */

/* Begin PBXResourcesBuildPhase section */
		188731D62180A9CA00E97955 /* Resources */ = {
			isa = PBXResourcesBuildPhase;
			buildActionMask = 2147483647;
			files = (
				1887320C2180AC5C00E97955 /* README.md in Resources */,
				188732152180AFA200E97955 /* TodoItemTableViewCell.xib in Resources */,
				188731E62180A9CB00E97955 /* LaunchScreen.storyboard in Resources */,
				188731E32180A9CB00E97955 /* Assets.xcassets in Resources */,
				180C1D5621833DD500FACD97 /* EditTodoItemViewController.xib in Resources */,
				188732112180ACA900E97955 /* TodoItemListViewController.xib in Resources */,
				180C2A2E2184CC2B00FACD97 /* CheckmarkView.xib in Resources */,
				1887321F2180B47500E97955 /* AddTodoItemViewController.xib in Resources */,
			);
			runOnlyForDeploymentPostprocessing = 0;
		};
		188731EA2180A9CC00E97955 /* Resources */ = {
			isa = PBXResourcesBuildPhase;
			buildActionMask = 2147483647;
			files = (
			);
			runOnlyForDeploymentPostprocessing = 0;
		};
		188731F52180A9CC00E97955 /* Resources */ = {
			isa = PBXResourcesBuildPhase;
			buildActionMask = 2147483647;
			files = (
			);
			runOnlyForDeploymentPostprocessing = 0;
		};
/* End PBXResourcesBuildPhase section */

/* Begin PBXSourcesBuildPhase section */
		188731D42180A9CA00E97955 /* Sources */ = {
			isa = PBXSourcesBuildPhase;
			buildActionMask = 2147483647;
			files = (
				181ABB5E2181E74B0048001C /* TodoItem.swift in Sources */,
				180FA9D821857B6600D24037 /* TodoAppApiClient.swift in Sources */,
				188732102180ACA900E97955 /* TodoItemListViewController.swift in Sources */,
				180C1D5521833DD500FACD97 /* EditTodoItemViewController.swift in Sources */,
				180FA9CB2185691600D24037 /* HTTPMethod.swift in Sources */,
				180FA9CD218569C200D24037 /* TodoAppApiRequest.swift in Sources */,
				180FAC012185919000D24037 /* EmptyData.swift in Sources */,
				1887321A2180B19D00E97955 /* NSObjectExtensions.swift in Sources */,
				180FA9DA21857D6E00D24037 /* TodoAppApi.swift in Sources */,
				180FA9D621857B3600D24037 /* Result.swift in Sources */,
				188731DC2180A9CA00E97955 /* AppDelegate.swift in Sources */,
				188732142180AFA200E97955 /* TodoItemTableViewCell.swift in Sources */,
				188732182180B16800E97955 /* UITableViewExtensions.swift in Sources */,
				180C2A302184CC7D00FACD97 /* CheckmarkView.swift in Sources */,
				180FA9D121857A3600D24037 /* TodoAppApiError.swift in Sources */,
				180FAC032185A2FB00D24037 /* UIAlertControllerExtensions.swift in Sources */,
				180FA9D321857A9C00D24037 /* TodoAppApiClientError.swift in Sources */,
				1887321E2180B47500E97955 /* AddTodoItemViewController.swift in Sources */,
			);
			runOnlyForDeploymentPostprocessing = 0;
		};
		188731E82180A9CC00E97955 /* Sources */ = {
			isa = PBXSourcesBuildPhase;
			buildActionMask = 2147483647;
			files = (
				188731F12180A9CC00E97955 /* TodoAppTests.swift in Sources */,
			);
			runOnlyForDeploymentPostprocessing = 0;
		};
		188731F32180A9CC00E97955 /* Sources */ = {
			isa = PBXSourcesBuildPhase;
			buildActionMask = 2147483647;
			files = (
				188731FC2180A9CC00E97955 /* TodoAppUITests.swift in Sources */,
			);
			runOnlyForDeploymentPostprocessing = 0;
		};
/* End PBXSourcesBuildPhase section */

/* Begin PBXTargetDependency section */
		188731EE2180A9CC00E97955 /* PBXTargetDependency */ = {
			isa = PBXTargetDependency;
			target = 188731D72180A9CA00E97955 /* TodoApp */;
			targetProxy = 188731ED2180A9CC00E97955 /* PBXContainerItemProxy */;
		};
		188731F92180A9CC00E97955 /* PBXTargetDependency */ = {
			isa = PBXTargetDependency;
			target = 188731D72180A9CA00E97955 /* TodoApp */;
			targetProxy = 188731F82180A9CC00E97955 /* PBXContainerItemProxy */;
		};
/* End PBXTargetDependency section */

/* Begin PBXVariantGroup section */
		188731E42180A9CB00E97955 /* LaunchScreen.storyboard */ = {
			isa = PBXVariantGroup;
			children = (
				188731E52180A9CB00E97955 /* Base */,
			);
			name = LaunchScreen.storyboard;
			sourceTree = "<group>";
		};
/* End PBXVariantGroup section */

/* Begin XCBuildConfiguration section */
		188731FE2180A9CC00E97955 /* Debug */ = {
			isa = XCBuildConfiguration;
			buildSettings = {
				ALWAYS_SEARCH_USER_PATHS = NO;
				CLANG_ANALYZER_NONNULL = YES;
				CLANG_ANALYZER_NUMBER_OBJECT_CONVERSION = YES_AGGRESSIVE;
				CLANG_CXX_LANGUAGE_STANDARD = "gnu++14";
				CLANG_CXX_LIBRARY = "libc++";
				CLANG_ENABLE_MODULES = YES;
				CLANG_ENABLE_OBJC_ARC = YES;
				CLANG_ENABLE_OBJC_WEAK = YES;
				CLANG_WARN_BLOCK_CAPTURE_AUTORELEASING = YES;
				CLANG_WARN_BOOL_CONVERSION = YES;
				CLANG_WARN_COMMA = YES;
				CLANG_WARN_CONSTANT_CONVERSION = YES;
				CLANG_WARN_DEPRECATED_OBJC_IMPLEMENTATIONS = YES;
				CLANG_WARN_DIRECT_OBJC_ISA_USAGE = YES_ERROR;
				CLANG_WARN_DOCUMENTATION_COMMENTS = YES;
				CLANG_WARN_EMPTY_BODY = YES;
				CLANG_WARN_ENUM_CONVERSION = YES;
				CLANG_WARN_INFINITE_RECURSION = YES;
				CLANG_WARN_INT_CONVERSION = YES;
				CLANG_WARN_NON_LITERAL_NULL_CONVERSION = YES;
				CLANG_WARN_OBJC_IMPLICIT_RETAIN_SELF = YES;
				CLANG_WARN_OBJC_LITERAL_CONVERSION = YES;
				CLANG_WARN_OBJC_ROOT_CLASS = YES_ERROR;
				CLANG_WARN_RANGE_LOOP_ANALYSIS = YES;
				CLANG_WARN_STRICT_PROTOTYPES = YES;
				CLANG_WARN_SUSPICIOUS_MOVE = YES;
				CLANG_WARN_UNGUARDED_AVAILABILITY = YES_AGGRESSIVE;
				CLANG_WARN_UNREACHABLE_CODE = YES;
				CLANG_WARN__DUPLICATE_METHOD_MATCH = YES;
				CODE_SIGN_IDENTITY = "iPhone Developer";
				COPY_PHASE_STRIP = NO;
				DEBUG_INFORMATION_FORMAT = dwarf;
				ENABLE_STRICT_OBJC_MSGSEND = YES;
				ENABLE_TESTABILITY = YES;
				GCC_C_LANGUAGE_STANDARD = gnu11;
				GCC_DYNAMIC_NO_PIC = NO;
				GCC_NO_COMMON_BLOCKS = YES;
				GCC_OPTIMIZATION_LEVEL = 0;
				GCC_PREPROCESSOR_DEFINITIONS = (
					"DEBUG=1",
					"$(inherited)",
				);
				GCC_WARN_64_TO_32_BIT_CONVERSION = YES;
				GCC_WARN_ABOUT_RETURN_TYPE = YES_ERROR;
				GCC_WARN_UNDECLARED_SELECTOR = YES;
				GCC_WARN_UNINITIALIZED_AUTOS = YES_AGGRESSIVE;
				GCC_WARN_UNUSED_FUNCTION = YES;
				GCC_WARN_UNUSED_VARIABLE = YES;
				IPHONEOS_DEPLOYMENT_TARGET = 12.0;
				MTL_ENABLE_DEBUG_INFO = INCLUDE_SOURCE;
				MTL_FAST_MATH = YES;
				ONLY_ACTIVE_ARCH = YES;
				SDKROOT = iphoneos;
				SWIFT_ACTIVE_COMPILATION_CONDITIONS = DEBUG;
				SWIFT_OPTIMIZATION_LEVEL = "-Onone";
			};
			name = Debug;
		};
		188731FF2180A9CC00E97955 /* Release */ = {
			isa = XCBuildConfiguration;
			buildSettings = {
				ALWAYS_SEARCH_USER_PATHS = NO;
				CLANG_ANALYZER_NONNULL = YES;
				CLANG_ANALYZER_NUMBER_OBJECT_CONVERSION = YES_AGGRESSIVE;
				CLANG_CXX_LANGUAGE_STANDARD = "gnu++14";
				CLANG_CXX_LIBRARY = "libc++";
				CLANG_ENABLE_MODULES = YES;
				CLANG_ENABLE_OBJC_ARC = YES;
				CLANG_ENABLE_OBJC_WEAK = YES;
				CLANG_WARN_BLOCK_CAPTURE_AUTORELEASING = YES;
				CLANG_WARN_BOOL_CONVERSION = YES;
				CLANG_WARN_COMMA = YES;
				CLANG_WARN_CONSTANT_CONVERSION = YES;
				CLANG_WARN_DEPRECATED_OBJC_IMPLEMENTATIONS = YES;
				CLANG_WARN_DIRECT_OBJC_ISA_USAGE = YES_ERROR;
				CLANG_WARN_DOCUMENTATION_COMMENTS = YES;
				CLANG_WARN_EMPTY_BODY = YES;
				CLANG_WARN_ENUM_CONVERSION = YES;
				CLANG_WARN_INFINITE_RECURSION = YES;
				CLANG_WARN_INT_CONVERSION = YES;
				CLANG_WARN_NON_LITERAL_NULL_CONVERSION = YES;
				CLANG_WARN_OBJC_IMPLICIT_RETAIN_SELF = YES;
				CLANG_WARN_OBJC_LITERAL_CONVERSION = YES;
				CLANG_WARN_OBJC_ROOT_CLASS = YES_ERROR;
				CLANG_WARN_RANGE_LOOP_ANALYSIS = YES;
				CLANG_WARN_STRICT_PROTOTYPES = YES;
				CLANG_WARN_SUSPICIOUS_MOVE = YES;
				CLANG_WARN_UNGUARDED_AVAILABILITY = YES_AGGRESSIVE;
				CLANG_WARN_UNREACHABLE_CODE = YES;
				CLANG_WARN__DUPLICATE_METHOD_MATCH = YES;
				CODE_SIGN_IDENTITY = "iPhone Developer";
				COPY_PHASE_STRIP = NO;
				DEBUG_INFORMATION_FORMAT = "dwarf-with-dsym";
				ENABLE_NS_ASSERTIONS = NO;
				ENABLE_STRICT_OBJC_MSGSEND = YES;
				GCC_C_LANGUAGE_STANDARD = gnu11;
				GCC_NO_COMMON_BLOCKS = YES;
				GCC_WARN_64_TO_32_BIT_CONVERSION = YES;
				GCC_WARN_ABOUT_RETURN_TYPE = YES_ERROR;
				GCC_WARN_UNDECLARED_SELECTOR = YES;
				GCC_WARN_UNINITIALIZED_AUTOS = YES_AGGRESSIVE;
				GCC_WARN_UNUSED_FUNCTION = YES;
				GCC_WARN_UNUSED_VARIABLE = YES;
				IPHONEOS_DEPLOYMENT_TARGET = 12.0;
				MTL_ENABLE_DEBUG_INFO = NO;
				MTL_FAST_MATH = YES;
				SDKROOT = iphoneos;
				SWIFT_COMPILATION_MODE = wholemodule;
				SWIFT_OPTIMIZATION_LEVEL = "-O";
				VALIDATE_PRODUCT = YES;
			};
			name = Release;
		};
		188732012180A9CC00E97955 /* Debug */ = {
			isa = XCBuildConfiguration;
			buildSettings = {
				ASSETCATALOG_COMPILER_APPICON_NAME = AppIcon;
				CODE_SIGN_STYLE = Automatic;
				DEVELOPMENT_TEAM = E4K33R9CD3;
				INFOPLIST_FILE = TodoApp/Info.plist;
				IPHONEOS_DEPLOYMENT_TARGET = 10.0;
				LD_RUNPATH_SEARCH_PATHS = (
					"$(inherited)",
					"@executable_path/Frameworks",
				);
				PRODUCT_BUNDLE_IDENTIFIER = jp.shitakemura.TodoApp;
				PRODUCT_NAME = "$(TARGET_NAME)";
				SWIFT_VERSION = 4.2;
				TARGETED_DEVICE_FAMILY = "1,2";
			};
			name = Debug;
		};
		188732022180A9CC00E97955 /* Release */ = {
			isa = XCBuildConfiguration;
			buildSettings = {
				ASSETCATALOG_COMPILER_APPICON_NAME = AppIcon;
				CODE_SIGN_STYLE = Automatic;
				DEVELOPMENT_TEAM = E4K33R9CD3;
				INFOPLIST_FILE = TodoApp/Info.plist;
				IPHONEOS_DEPLOYMENT_TARGET = 10.0;
				LD_RUNPATH_SEARCH_PATHS = (
					"$(inherited)",
					"@executable_path/Frameworks",
				);
				PRODUCT_BUNDLE_IDENTIFIER = jp.shitakemura.TodoApp;
				PRODUCT_NAME = "$(TARGET_NAME)";
				SWIFT_VERSION = 4.2;
				TARGETED_DEVICE_FAMILY = "1,2";
			};
			name = Release;
		};
		188732042180A9CC00E97955 /* Debug */ = {
			isa = XCBuildConfiguration;
			buildSettings = {
				ALWAYS_EMBED_SWIFT_STANDARD_LIBRARIES = YES;
				BUNDLE_LOADER = "$(TEST_HOST)";
				CODE_SIGN_STYLE = Automatic;
				INFOPLIST_FILE = TodoAppTests/Info.plist;
				LD_RUNPATH_SEARCH_PATHS = (
					"$(inherited)",
					"@executable_path/Frameworks",
					"@loader_path/Frameworks",
				);
				PRODUCT_BUNDLE_IDENTIFIER = jp.shitakemura.TodoAppTests;
				PRODUCT_NAME = "$(TARGET_NAME)";
				SWIFT_VERSION = 4.2;
				TARGETED_DEVICE_FAMILY = "1,2";
				TEST_HOST = "$(BUILT_PRODUCTS_DIR)/TodoApp.app/TodoApp";
			};
			name = Debug;
		};
		188732052180A9CC00E97955 /* Release */ = {
			isa = XCBuildConfiguration;
			buildSettings = {
				ALWAYS_EMBED_SWIFT_STANDARD_LIBRARIES = YES;
				BUNDLE_LOADER = "$(TEST_HOST)";
				CODE_SIGN_STYLE = Automatic;
				INFOPLIST_FILE = TodoAppTests/Info.plist;
				LD_RUNPATH_SEARCH_PATHS = (
					"$(inherited)",
					"@executable_path/Frameworks",
					"@loader_path/Frameworks",
				);
				PRODUCT_BUNDLE_IDENTIFIER = jp.shitakemura.TodoAppTests;
				PRODUCT_NAME = "$(TARGET_NAME)";
				SWIFT_VERSION = 4.2;
				TARGETED_DEVICE_FAMILY = "1,2";
				TEST_HOST = "$(BUILT_PRODUCTS_DIR)/TodoApp.app/TodoApp";
			};
			name = Release;
		};
		188732072180A9CC00E97955 /* Debug */ = {
			isa = XCBuildConfiguration;
			buildSettings = {
				ALWAYS_EMBED_SWIFT_STANDARD_LIBRARIES = YES;
				CODE_SIGN_STYLE = Automatic;
				INFOPLIST_FILE = TodoAppUITests/Info.plist;
				LD_RUNPATH_SEARCH_PATHS = (
					"$(inherited)",
					"@executable_path/Frameworks",
					"@loader_path/Frameworks",
				);
				PRODUCT_BUNDLE_IDENTIFIER = jp.shitakemura.TodoAppUITests;
				PRODUCT_NAME = "$(TARGET_NAME)";
				SWIFT_VERSION = 4.2;
				TARGETED_DEVICE_FAMILY = "1,2";
				TEST_TARGET_NAME = TodoApp;
			};
			name = Debug;
		};
		188732082180A9CC00E97955 /* Release */ = {
			isa = XCBuildConfiguration;
			buildSettings = {
				ALWAYS_EMBED_SWIFT_STANDARD_LIBRARIES = YES;
				CODE_SIGN_STYLE = Automatic;
				INFOPLIST_FILE = TodoAppUITests/Info.plist;
				LD_RUNPATH_SEARCH_PATHS = (
					"$(inherited)",
					"@executable_path/Frameworks",
					"@loader_path/Frameworks",
				);
				PRODUCT_BUNDLE_IDENTIFIER = jp.shitakemura.TodoAppUITests;
				PRODUCT_NAME = "$(TARGET_NAME)";
				SWIFT_VERSION = 4.2;
				TARGETED_DEVICE_FAMILY = "1,2";
				TEST_TARGET_NAME = TodoApp;
			};
			name = Release;
		};
/* End XCBuildConfiguration section */

/* Begin XCConfigurationList section */
		188731D32180A9CA00E97955 /* Build configuration list for PBXProject "TodoApp" */ = {
			isa = XCConfigurationList;
			buildConfigurations = (
				188731FE2180A9CC00E97955 /* Debug */,
				188731FF2180A9CC00E97955 /* Release */,
			);
			defaultConfigurationIsVisible = 0;
			defaultConfigurationName = Release;
		};
		188732002180A9CC00E97955 /* Build configuration list for PBXNativeTarget "TodoApp" */ = {
			isa = XCConfigurationList;
			buildConfigurations = (
				188732012180A9CC00E97955 /* Debug */,
				188732022180A9CC00E97955 /* Release */,
			);
			defaultConfigurationIsVisible = 0;
			defaultConfigurationName = Release;
		};
		188732032180A9CC00E97955 /* Build configuration list for PBXNativeTarget "TodoAppTests" */ = {
			isa = XCConfigurationList;
			buildConfigurations = (
				188732042180A9CC00E97955 /* Debug */,
				188732052180A9CC00E97955 /* Release */,
			);
			defaultConfigurationIsVisible = 0;
			defaultConfigurationName = Release;
		};
		188732062180A9CC00E97955 /* Build configuration list for PBXNativeTarget "TodoAppUITests" */ = {
			isa = XCConfigurationList;
			buildConfigurations = (
				188732072180A9CC00E97955 /* Debug */,
				188732082180A9CC00E97955 /* Release */,
			);
			defaultConfigurationIsVisible = 0;
			defaultConfigurationName = Release;
		};
/* End XCConfigurationList section */
	};
	rootObject = 188731D02180A9CA00E97955 /* Project object */;
}
